
Microsoft Visual Studio Solution File, Format Version 12.00
# Visual Studio 15
VisualStudioVersion = 15.0.28307.645
MinimumVisualStudioVersion = 10.0.40219.1
Project("{FAE04EC0-301F-11D3-BF4B-00C04F79EFBC}") = "Face_recognition", "Face_recognition\Face_recognition.csproj", "{149BB83C-6A4E-4283-AEBD-73B5C328FEF9}"
EndProject
Global
	GlobalSection(SolutionConfigurationPlatforms) = preSolution
		Debug|Any CPU = Debug|Any CPU
		Release|Any CPU = Release|Any CPU
	EndGlobalSection
	GlobalSection(ProjectConfigurationPlatforms) = postSolution
		{149BB83C-6A4E-4283-AEBD-73B5C328FEF9}.Debug|Any CPU.ActiveCfg = Debug|Any CPU
		{149BB83C-6A4E-4283-AEBD-73B5C328FEF9}.Debug|Any CPU.Build.0 = Debug|Any CPU
		{149BB83C-6A4E-4283-AEBD-73B5C328FEF9}.Release|Any CPU.ActiveCfg = Release|Any CPU
		{149BB83C-6A4E-4283-AEBD-73B5C328FEF9}.Release|Any CPU.Build.0 = Release|Any CPU
	EndGlobalSection
	GlobalSection(SolutionProperties) = preSolution
		HideSolutionNode = FALSE
	EndGlobalSection
	GlobalSection(ExtensibilityGlobals) = postSolution
		SolutionGuid = {49394E77-F4BC-4FCB-9BD8-CC38093DA647}
	EndGlobalSection
EndGlobal
